
Microsoft Visual Studio Solution File, Format Version 12.00
# Visual Studio Version 17
VisualStudioVersion = 17.4.33213.308
MinimumVisualStudioVersion = 10.0.40219.1
Project("{FAE04EC0-301F-11D3-BF4B-00C04F79EFBC}") = "BotVaria", "BotVaria.csproj", "{C91651A2-2558-444D-85D6-280E3E512C40}"
EndProject
Global
	GlobalSection(SolutionConfigurationPlatforms) = preSolution
		Debug|Any CPU = Debug|Any CPU
		Release|Any CPU = Release|Any CPU
	EndGlobalSection
	GlobalSection(ProjectConfigurationPlatforms) = postSolution
		{C91651A2-2558-444D-85D6-280E3E512C40}.Debug|Any CPU.ActiveCfg = Debug|Any CPU
		{C91651A2-2558-444D-85D6-280E3E512C40}.Debug|Any CPU.Build.0 = Debug|Any CPU
		{C91651A2-2558-444D-85D6-280E3E512C40}.Release|Any CPU.ActiveCfg = Release|Any CPU
		{C91651A2-2558-444D-85D6-280E3E512C40}.Release|Any CPU.Build.0 = Release|Any CPU
	EndGlobalSection
	GlobalSection(SolutionProperties) = preSolution
		HideSolutionNode = FALSE
	EndGlobalSection
	GlobalSection(ExtensibilityGlobals) = postSolution
		SolutionGuid = {8A67AE2C-83A9-42C4-89C0-7A03703545D1}
	EndGlobalSection
EndGlobal
